// !$*UTF8*$!
{
	archiveVersion = 1;
	classes = {
	};
	objectVersion = 46;
	objects = {

/* Begin PBXBuildFile section */
		B60A130919117B7600AA4DC9 /* PreferencesWindowController.m in Sources */ = {isa = PBXBuildFile; fileRef = B60A130719117B7600AA4DC9 /* PreferencesWindowController.m */; };
		B60A130A19117B7600AA4DC9 /* PreferencesWindow.xib in Resources */ = {isa = PBXBuildFile; fileRef = B60A130819117B7600AA4DC9 /* PreferencesWindow.xib */; };
		B60A1318191188DA00AA4DC9 /* GeneralPreferencesViewController.m in Sources */ = {isa = PBXBuildFile; fileRef = B60A1316191188DA00AA4DC9 /* GeneralPreferencesViewController.m */; };
		B60A1319191188DA00AA4DC9 /* GeneralPreferencesView.xib in Resources */ = {isa = PBXBuildFile; fileRef = B60A1317191188DA00AA4DC9 /* GeneralPreferencesView.xib */; };
		B60A131D19118A2600AA4DC9 /* CoursesPreferencesViewController.m in Sources */ = {isa = PBXBuildFile; fileRef = B60A131B19118A2600AA4DC9 /* CoursesPreferencesViewController.m */; };
		B60A131E19118A2600AA4DC9 /* CoursesPreferencesView.xib in Resources */ = {isa = PBXBuildFile; fileRef = B60A131C19118A2600AA4DC9 /* CoursesPreferencesView.xib */; };
		B60A13231911A31A00AA4DC9 /* AboutViewController.m in Sources */ = {isa = PBXBuildFile; fileRef = B60A13211911A31A00AA4DC9 /* AboutViewController.m */; };
		B60A13241911A31A00AA4DC9 /* AboutView.xib in Resources */ = {isa = PBXBuildFile; fileRef = B60A13221911A31A00AA4DC9 /* AboutView.xib */; };
		B60A133B1911CBCA00AA4DC9 /* AddCourseWindowController.m in Sources */ = {isa = PBXBuildFile; fileRef = B60A13391911CBCA00AA4DC9 /* AddCourseWindowController.m */; };
		B60A133C1911CBCA00AA4DC9 /* AddCourseWindow.xib in Resources */ = {isa = PBXBuildFile; fileRef = B60A133A1911CBCA00AA4DC9 /* AddCourseWindow.xib */; };
		B6366BD5191153770034B196 /* uwaterloo-api.framework in Frameworks */ = {isa = PBXBuildFile; fileRef = B6366BBE191152A40034B196 /* uwaterloo-api.framework */; };
		B650BF461910BFF4004030F6 /* Cocoa.framework in Frameworks */ = {isa = PBXBuildFile; fileRef = B650BF451910BFF4004030F6 /* Cocoa.framework */; };
		B650BF501910BFF4004030F6 /* InfoPlist.strings in Resources */ = {isa = PBXBuildFile; fileRef = B650BF4E1910BFF4004030F6 /* InfoPlist.strings */; };
		B650BF521910BFF4004030F6 /* main.m in Sources */ = {isa = PBXBuildFile; fileRef = B650BF511910BFF4004030F6 /* main.m */; };
		B650BF561910BFF4004030F6 /* Credits.rtf in Resources */ = {isa = PBXBuildFile; fileRef = B650BF541910BFF4004030F6 /* Credits.rtf */; };
		B650BF5C1910BFF4004030F6 /* MainMenu.xib in Resources */ = {isa = PBXBuildFile; fileRef = B650BF5A1910BFF4004030F6 /* MainMenu.xib */; };
		B650BF5E1910BFF4004030F6 /* Images.xcassets in Resources */ = {isa = PBXBuildFile; fileRef = B650BF5D1910BFF4004030F6 /* Images.xcassets */; };
		B650BF651910BFF4004030F6 /* XCTest.framework in Frameworks */ = {isa = PBXBuildFile; fileRef = B650BF641910BFF4004030F6 /* XCTest.framework */; };
		B650BF661910BFF4004030F6 /* Cocoa.framework in Frameworks */ = {isa = PBXBuildFile; fileRef = B650BF451910BFF4004030F6 /* Cocoa.framework */; };
		B650BF6E1910BFF4004030F6 /* InfoPlist.strings in Resources */ = {isa = PBXBuildFile; fileRef = B650BF6C1910BFF4004030F6 /* InfoPlist.strings */; };
		B650BF701910BFF4004030F6 /* uwaterloo_assistantTests.m in Sources */ = {isa = PBXBuildFile; fileRef = B650BF6F1910BFF4004030F6 /* uwaterloo_assistantTests.m */; };
		B650BF861910C04D004030F6 /* AppDelegate.m in Sources */ = {isa = PBXBuildFile; fileRef = B650BF7A1910C04D004030F6 /* AppDelegate.m */; };
/* End PBXBuildFile section */

/* Begin PBXContainerItemProxy section */
		B6366BBD191152A40034B196 /* PBXContainerItemProxy */ = {
			isa = PBXContainerItemProxy;
			containerPortal = B6366BB8191152A30034B196 /* uwaterloo-api.xcodeproj */;
			proxyType = 2;
			remoteGlobalIDString = B6366B8A191152A30034B196;
			remoteInfo = "uwaterloo-api";
		};
		B6366BBF191152A40034B196 /* PBXContainerItemProxy */ = {
			isa = PBXContainerItemProxy;
			containerPortal = B6366BB8191152A30034B196 /* uwaterloo-api.xcodeproj */;
			proxyType = 2;
			remoteGlobalIDString = B6366BA1191152A30034B196;
			remoteInfo = "uwaterloo-apiTests";
		};
		B650BF671910BFF4004030F6 /* PBXContainerItemProxy */ = {
			isa = PBXContainerItemProxy;
			containerPortal = B650BF3A1910BFF4004030F6 /* Project object */;
			proxyType = 1;
			remoteGlobalIDString = B650BF411910BFF4004030F6;
			remoteInfo = "uwaterloo-assistant";
		};
/* End PBXContainerItemProxy section */

/* Begin PBXFileReference section */
		B60A12FD19116EA600AA4DC9 /* APIKey.h */ = {isa = PBXFileReference; lastKnownFileType = sourcecode.c.h; path = APIKey.h; sourceTree = "<group>"; };
		B60A130619117B7600AA4DC9 /* PreferencesWindowController.h */ = {isa = PBXFileReference; fileEncoding = 4; lastKnownFileType = sourcecode.c.h; path = PreferencesWindowController.h; sourceTree = "<group>"; };
		B60A130719117B7600AA4DC9 /* PreferencesWindowController.m */ = {isa = PBXFileReference; fileEncoding = 4; lastKnownFileType = sourcecode.c.objc; path = PreferencesWindowController.m; sourceTree = "<group>"; };
		B60A130819117B7600AA4DC9 /* PreferencesWindow.xib */ = {isa = PBXFileReference; fileEncoding = 4; lastKnownFileType = file.xib; path = PreferencesWindow.xib; sourceTree = "<group>"; };
		B60A1315191188DA00AA4DC9 /* GeneralPreferencesViewController.h */ = {isa = PBXFileReference; fileEncoding = 4; lastKnownFileType = sourcecode.c.h; path = GeneralPreferencesViewController.h; sourceTree = "<group>"; };
		B60A1316191188DA00AA4DC9 /* GeneralPreferencesViewController.m */ = {isa = PBXFileReference; fileEncoding = 4; lastKnownFileType = sourcecode.c.objc; path = GeneralPreferencesViewController.m; sourceTree = "<group>"; };
		B60A1317191188DA00AA4DC9 /* GeneralPreferencesView.xib */ = {isa = PBXFileReference; fileEncoding = 4; lastKnownFileType = file.xib; path = GeneralPreferencesView.xib; sourceTree = "<group>"; };
		B60A131A19118A2600AA4DC9 /* CoursesPreferencesViewController.h */ = {isa = PBXFileReference; fileEncoding = 4; lastKnownFileType = sourcecode.c.h; path = CoursesPreferencesViewController.h; sourceTree = "<group>"; };
		B60A131B19118A2600AA4DC9 /* CoursesPreferencesViewController.m */ = {isa = PBXFileReference; fileEncoding = 4; lastKnownFileType = sourcecode.c.objc; path = CoursesPreferencesViewController.m; sourceTree = "<group>"; };
		B60A131C19118A2600AA4DC9 /* CoursesPreferencesView.xib */ = {isa = PBXFileReference; fileEncoding = 4; lastKnownFileType = file.xib; path = CoursesPreferencesView.xib; sourceTree = "<group>"; };
		B60A131F191191B300AA4DC9 /* PreferencesModifier.h */ = {isa = PBXFileReference; lastKnownFileType = sourcecode.c.h; path = PreferencesModifier.h; sourceTree = "<group>"; };
		B60A13201911A31A00AA4DC9 /* AboutViewController.h */ = {isa = PBXFileReference; fileEncoding = 4; lastKnownFileType = sourcecode.c.h; path = AboutViewController.h; sourceTree = "<group>"; };
		B60A13211911A31A00AA4DC9 /* AboutViewController.m */ = {isa = PBXFileReference; fileEncoding = 4; lastKnownFileType = sourcecode.c.objc; path = AboutViewController.m; sourceTree = "<group>"; };
		B60A13221911A31A00AA4DC9 /* AboutView.xib */ = {isa = PBXFileReference; fileEncoding = 4; lastKnownFileType = file.xib; path = AboutView.xib; sourceTree = "<group>"; };
		B60A13381911CBCA00AA4DC9 /* AddCourseWindowController.h */ = {isa = PBXFileReference; fileEncoding = 4; lastKnownFileType = sourcecode.c.h; path = AddCourseWindowController.h; sourceTree = "<group>"; };
		B60A13391911CBCA00AA4DC9 /* AddCourseWindowController.m */ = {isa = PBXFileReference; fileEncoding = 4; lastKnownFileType = sourcecode.c.objc; path = AddCourseWindowController.m; sourceTree = "<group>"; };
		B60A133A1911CBCA00AA4DC9 /* AddCourseWindow.xib */ = {isa = PBXFileReference; fileEncoding = 4; lastKnownFileType = file.xib; path = AddCourseWindow.xib; sourceTree = "<group>"; };
		B6366BB8191152A30034B196 /* uwaterloo-api.xcodeproj */ = {isa = PBXFileReference; lastKnownFileType = "wrapper.pb-project"; name = "uwaterloo-api.xcodeproj"; path = "uwaterloo-api/uwaterloo-api.xcodeproj"; sourceTree = "<group>"; };
		B650BF421910BFF4004030F6 /* uWaterloo Assistant.app */ = {isa = PBXFileReference; explicitFileType = wrapper.application; includeInIndex = 0; path = "uWaterloo Assistant.app"; sourceTree = BUILT_PRODUCTS_DIR; };
		B650BF451910BFF4004030F6 /* Cocoa.framework */ = {isa = PBXFileReference; lastKnownFileType = wrapper.framework; name = Cocoa.framework; path = System/Library/Frameworks/Cocoa.framework; sourceTree = SDKROOT; };
		B650BF481910BFF4004030F6 /* AppKit.framework */ = {isa = PBXFileReference; lastKnownFileType = wrapper.framework; name = AppKit.framework; path = System/Library/Frameworks/AppKit.framework; sourceTree = SDKROOT; };
		B650BF491910BFF4004030F6 /* CoreData.framework */ = {isa = PBXFileReference; lastKnownFileType = wrapper.framework; name = CoreData.framework; path = System/Library/Frameworks/CoreData.framework; sourceTree = SDKROOT; };
		B650BF4A1910BFF4004030F6 /* Foundation.framework */ = {isa = PBXFileReference; lastKnownFileType = wrapper.framework; name = Foundation.framework; path = System/Library/Frameworks/Foundation.framework; sourceTree = SDKROOT; };
		B650BF4D1910BFF4004030F6 /* uWaterloo Assistant-Info.plist */ = {isa = PBXFileReference; lastKnownFileType = text.plist.xml; path = "uWaterloo Assistant-Info.plist"; sourceTree = "<group>"; };
		B650BF4F1910BFF4004030F6 /* en */ = {isa = PBXFileReference; lastKnownFileType = text.plist.strings; name = en; path = en.lproj/InfoPlist.strings; sourceTree = "<group>"; };
		B650BF511910BFF4004030F6 /* main.m */ = {isa = PBXFileReference; lastKnownFileType = sourcecode.c.objc; path = main.m; sourceTree = "<group>"; };
		B650BF531910BFF4004030F6 /* uWaterloo Assistant-Prefix.pch */ = {isa = PBXFileReference; lastKnownFileType = sourcecode.c.h; path = "uWaterloo Assistant-Prefix.pch"; sourceTree = "<group>"; };
		B650BF551910BFF4004030F6 /* en */ = {isa = PBXFileReference; lastKnownFileType = text.rtf; name = en; path = en.lproj/Credits.rtf; sourceTree = "<group>"; };
		B650BF5B1910BFF4004030F6 /* Base */ = {isa = PBXFileReference; lastKnownFileType = file.xib; name = Base; path = Base.lproj/MainMenu.xib; sourceTree = "<group>"; };
		B650BF5D1910BFF4004030F6 /* Images.xcassets */ = {isa = PBXFileReference; lastKnownFileType = folder.assetcatalog; path = Images.xcassets; sourceTree = "<group>"; };
		B650BF631910BFF4004030F6 /* uWaterloo AssistantTests.xctest */ = {isa = PBXFileReference; explicitFileType = wrapper.cfbundle; includeInIndex = 0; path = "uWaterloo AssistantTests.xctest"; sourceTree = BUILT_PRODUCTS_DIR; };
		B650BF641910BFF4004030F6 /* XCTest.framework */ = {isa = PBXFileReference; lastKnownFileType = wrapper.framework; name = XCTest.framework; path = Library/Frameworks/XCTest.framework; sourceTree = DEVELOPER_DIR; };
		B650BF6B1910BFF4004030F6 /* uWaterloo AssistantTests-Info.plist */ = {isa = PBXFileReference; lastKnownFileType = text.plist.xml; path = "uWaterloo AssistantTests-Info.plist"; sourceTree = "<group>"; };
		B650BF6D1910BFF4004030F6 /* en */ = {isa = PBXFileReference; lastKnownFileType = text.plist.strings; name = en; path = en.lproj/InfoPlist.strings; sourceTree = "<group>"; };
		B650BF6F1910BFF4004030F6 /* uwaterloo_assistantTests.m */ = {isa = PBXFileReference; lastKnownFileType = sourcecode.c.objc; path = uwaterloo_assistantTests.m; sourceTree = "<group>"; };
		B650BF791910C04D004030F6 /* AppDelegate.h */ = {isa = PBXFileReference; fileEncoding = 4; lastKnownFileType = sourcecode.c.h; path = AppDelegate.h; sourceTree = "<group>"; };
		B650BF7A1910C04D004030F6 /* AppDelegate.m */ = {isa = PBXFileReference; fileEncoding = 4; lastKnownFileType = sourcecode.c.objc; path = AppDelegate.m; sourceTree = "<group>"; };
/* End PBXFileReference section */

/* Begin PBXFrameworksBuildPhase section */
		B650BF3F1910BFF4004030F6 /* Frameworks */ = {
			isa = PBXFrameworksBuildPhase;
			buildActionMask = 2147483647;
			files = (
				B6366BD5191153770034B196 /* uwaterloo-api.framework in Frameworks */,
				B650BF461910BFF4004030F6 /* Cocoa.framework in Frameworks */,
			);
			runOnlyForDeploymentPostprocessing = 0;
		};
		B650BF601910BFF4004030F6 /* Frameworks */ = {
			isa = PBXFrameworksBuildPhase;
			buildActionMask = 2147483647;
			files = (
				B650BF661910BFF4004030F6 /* Cocoa.framework in Frameworks */,
				B650BF651910BFF4004030F6 /* XCTest.framework in Frameworks */,
			);
			runOnlyForDeploymentPostprocessing = 0;
		};
/* End PBXFrameworksBuildPhase section */

/* Begin PBXGroup section */
		B60A13121911874B00AA4DC9 /* Preference Views */ = {
			isa = PBXGroup;
			children = (
				B60A132E1911C6A900AA4DC9 /* General */,
				B60A132D1911C6A200AA4DC9 /* Courses */,
				B60A132F1911C6AF00AA4DC9 /* About */,
			);
			name = "Preference Views";
			sourceTree = "<group>";
		};
		B60A132D1911C6A200AA4DC9 /* Courses */ = {
			isa = PBXGroup;
			children = (
				B60A131A19118A2600AA4DC9 /* CoursesPreferencesViewController.h */,
				B60A131B19118A2600AA4DC9 /* CoursesPreferencesViewController.m */,
				B60A131C19118A2600AA4DC9 /* CoursesPreferencesView.xib */,
				B60A13381911CBCA00AA4DC9 /* AddCourseWindowController.h */,
				B60A13391911CBCA00AA4DC9 /* AddCourseWindowController.m */,
				B60A133A1911CBCA00AA4DC9 /* AddCourseWindow.xib */,
			);
			name = Courses;
			sourceTree = "<group>";
		};
		B60A132E1911C6A900AA4DC9 /* General */ = {
			isa = PBXGroup;
			children = (
				B60A1315191188DA00AA4DC9 /* GeneralPreferencesViewController.h */,
				B60A1316191188DA00AA4DC9 /* GeneralPreferencesViewController.m */,
				B60A1317191188DA00AA4DC9 /* GeneralPreferencesView.xib */,
			);
			name = General;
			sourceTree = "<group>";
		};
		B60A132F1911C6AF00AA4DC9 /* About */ = {
			isa = PBXGroup;
			children = (
				B60A13201911A31A00AA4DC9 /* AboutViewController.h */,
				B60A13211911A31A00AA4DC9 /* AboutViewController.m */,
				B60A13221911A31A00AA4DC9 /* AboutView.xib */,
			);
			name = About;
			sourceTree = "<group>";
		};
		B6366BB9191152A30034B196 /* Products */ = {
			isa = PBXGroup;
			children = (
				B6366BBE191152A40034B196 /* uwaterloo-api.framework */,
				B6366BC0191152A40034B196 /* uwaterloo-apiTests.xctest */,
			);
			name = Products;
			sourceTree = "<group>";
		};
		B650BF391910BFF4004030F6 = {
			isa = PBXGroup;
			children = (
				B6366BB8191152A30034B196 /* uwaterloo-api.xcodeproj */,
				B650BF4B1910BFF4004030F6 /* uwaterloo-assistant */,
				B650BF691910BFF4004030F6 /* uwaterloo-assistantTests */,
				B650BF441910BFF4004030F6 /* Frameworks */,
				B650BF431910BFF4004030F6 /* Products */,
			);
			sourceTree = "<group>";
		};
		B650BF431910BFF4004030F6 /* Products */ = {
			isa = PBXGroup;
			children = (
				B650BF421910BFF4004030F6 /* uWaterloo Assistant.app */,
				B650BF631910BFF4004030F6 /* uWaterloo AssistantTests.xctest */,
			);
			name = Products;
			sourceTree = "<group>";
		};
		B650BF441910BFF4004030F6 /* Frameworks */ = {
			isa = PBXGroup;
			children = (
				B650BF451910BFF4004030F6 /* Cocoa.framework */,
				B650BF641910BFF4004030F6 /* XCTest.framework */,
				B650BF471910BFF4004030F6 /* Other Frameworks */,
			);
			name = Frameworks;
			sourceTree = "<group>";
		};
		B650BF471910BFF4004030F6 /* Other Frameworks */ = {
			isa = PBXGroup;
			children = (
				B650BF481910BFF4004030F6 /* AppKit.framework */,
				B650BF491910BFF4004030F6 /* CoreData.framework */,
				B650BF4A1910BFF4004030F6 /* Foundation.framework */,
			);
			name = "Other Frameworks";
			sourceTree = "<group>";
		};
		B650BF4B1910BFF4004030F6 /* uwaterloo-assistant */ = {
			isa = PBXGroup;
			children = (
				B60A12FD19116EA600AA4DC9 /* APIKey.h */,
				B650BF791910C04D004030F6 /* AppDelegate.h */,
				B650BF7A1910C04D004030F6 /* AppDelegate.m */,
				B650BF5A1910BFF4004030F6 /* MainMenu.xib */,
				B650BF5D1910BFF4004030F6 /* Images.xcassets */,
				B60A131F191191B300AA4DC9 /* PreferencesModifier.h */,
				B60A130619117B7600AA4DC9 /* PreferencesWindowController.h */,
				B60A130719117B7600AA4DC9 /* PreferencesWindowController.m */,
				B60A130819117B7600AA4DC9 /* PreferencesWindow.xib */,
				B60A13121911874B00AA4DC9 /* Preference Views */,
				B650BF4C1910BFF4004030F6 /* Supporting Files */,
			);
			path = "uwaterloo-assistant";
			sourceTree = "<group>";
		};
		B650BF4C1910BFF4004030F6 /* Supporting Files */ = {
			isa = PBXGroup;
			children = (
				B650BF4D1910BFF4004030F6 /* uWaterloo Assistant-Info.plist */,
				B650BF4E1910BFF4004030F6 /* InfoPlist.strings */,
				B650BF511910BFF4004030F6 /* main.m */,
				B650BF531910BFF4004030F6 /* uWaterloo Assistant-Prefix.pch */,
				B650BF541910BFF4004030F6 /* Credits.rtf */,
			);
			name = "Supporting Files";
			sourceTree = "<group>";
		};
		B650BF691910BFF4004030F6 /* uwaterloo-assistantTests */ = {
			isa = PBXGroup;
			children = (
				B650BF6F1910BFF4004030F6 /* uwaterloo_assistantTests.m */,
				B650BF6A1910BFF4004030F6 /* Supporting Files */,
			);
			path = "uwaterloo-assistantTests";
			sourceTree = "<group>";
		};
		B650BF6A1910BFF4004030F6 /* Supporting Files */ = {
			isa = PBXGroup;
			children = (
				B650BF6B1910BFF4004030F6 /* uWaterloo AssistantTests-Info.plist */,
				B650BF6C1910BFF4004030F6 /* InfoPlist.strings */,
			);
			name = "Supporting Files";
			sourceTree = "<group>";
		};
/* End PBXGroup section */

/* Begin PBXNativeTarget section */
		B650BF411910BFF4004030F6 /* uWaterloo Assistant */ = {
			isa = PBXNativeTarget;
			buildConfigurationList = B650BF731910BFF4004030F6 /* Build configuration list for PBXNativeTarget "uWaterloo Assistant" */;
			buildPhases = (
				B650BF3E1910BFF4004030F6 /* Sources */,
				B650BF3F1910BFF4004030F6 /* Frameworks */,
				B650BF401910BFF4004030F6 /* Resources */,
			);
			buildRules = (
			);
			dependencies = (
			);
			name = "uWaterloo Assistant";
			productName = "uwaterloo-assistant";
			productReference = B650BF421910BFF4004030F6 /* uWaterloo Assistant.app */;
			productType = "com.apple.product-type.application";
		};
		B650BF621910BFF4004030F6 /* uWaterloo AssistantTests */ = {
			isa = PBXNativeTarget;
			buildConfigurationList = B650BF761910BFF4004030F6 /* Build configuration list for PBXNativeTarget "uWaterloo AssistantTests" */;
			buildPhases = (
				B650BF5F1910BFF4004030F6 /* Sources */,
				B650BF601910BFF4004030F6 /* Frameworks */,
				B650BF611910BFF4004030F6 /* Resources */,
			);
			buildRules = (
			);
			dependencies = (
				B650BF681910BFF4004030F6 /* PBXTargetDependency */,
			);
			name = "uWaterloo AssistantTests";
			productName = "uwaterloo-assistantTests";
			productReference = B650BF631910BFF4004030F6 /* uWaterloo AssistantTests.xctest */;
			productType = "com.apple.product-type.bundle.unit-test";
		};
/* End PBXNativeTarget section */

/* Begin PBXProject section */
		B650BF3A1910BFF4004030F6 /* Project object */ = {
			isa = PBXProject;
			attributes = {
				LastUpgradeCheck = 0510;
				ORGANIZATIONNAME = "Zachary Seguin";
				TargetAttributes = {
					B650BF621910BFF4004030F6 = {
						TestTargetID = B650BF411910BFF4004030F6;
					};
				};
			};
			buildConfigurationList = B650BF3D1910BFF4004030F6 /* Build configuration list for PBXProject "uWaterloo Assistant" */;
			compatibilityVersion = "Xcode 3.2";
			developmentRegion = English;
			hasScannedForEncodings = 0;
			knownRegions = (
				en,
				Base,
			);
			mainGroup = B650BF391910BFF4004030F6;
			productRefGroup = B650BF431910BFF4004030F6 /* Products */;
			projectDirPath = "";
			projectReferences = (
				{
					ProductGroup = B6366BB9191152A30034B196 /* Products */;
					ProjectRef = B6366BB8191152A30034B196 /* uwaterloo-api.xcodeproj */;
				},
			);
			projectRoot = "";
			targets = (
				B650BF411910BFF4004030F6 /* uWaterloo Assistant */,
				B650BF621910BFF4004030F6 /* uWaterloo AssistantTests */,
			);
		};
/* End PBXProject section */

/* Begin PBXReferenceProxy section */
		B6366BBE191152A40034B196 /* uwaterloo-api.framework */ = {
			isa = PBXReferenceProxy;
			fileType = wrapper.framework;
			path = "uwaterloo-api.framework";
			remoteRef = B6366BBD191152A40034B196 /* PBXContainerItemProxy */;
			sourceTree = BUILT_PRODUCTS_DIR;
		};
		B6366BC0191152A40034B196 /* uwaterloo-apiTests.xctest */ = {
			isa = PBXReferenceProxy;
			fileType = wrapper.cfbundle;
			path = "uwaterloo-apiTests.xctest";
			remoteRef = B6366BBF191152A40034B196 /* PBXContainerItemProxy */;
			sourceTree = BUILT_PRODUCTS_DIR;
		};
/* End PBXReferenceProxy section */

/* Begin PBXResourcesBuildPhase section */
		B650BF401910BFF4004030F6 /* Resources */ = {
			isa = PBXResourcesBuildPhase;
			buildActionMask = 2147483647;
			files = (
				B60A1319191188DA00AA4DC9 /* GeneralPreferencesView.xib in Resources */,
				B60A133C1911CBCA00AA4DC9 /* AddCourseWindow.xib in Resources */,
				B650BF501910BFF4004030F6 /* InfoPlist.strings in Resources */,
				B60A13241911A31A00AA4DC9 /* AboutView.xib in Resources */,
				B650BF5E1910BFF4004030F6 /* Images.xcassets in Resources */,
				B60A131E19118A2600AA4DC9 /* CoursesPreferencesView.xib in Resources */,
				B650BF561910BFF4004030F6 /* Credits.rtf in Resources */,
				B60A130A19117B7600AA4DC9 /* PreferencesWindow.xib in Resources */,
				B650BF5C1910BFF4004030F6 /* MainMenu.xib in Resources */,
			);
			runOnlyForDeploymentPostprocessing = 0;
		};
		B650BF611910BFF4004030F6 /* Resources */ = {
			isa = PBXResourcesBuildPhase;
			buildActionMask = 2147483647;
			files = (
				B650BF6E1910BFF4004030F6 /* InfoPlist.strings in Resources */,
			);
			runOnlyForDeploymentPostprocessing = 0;
		};
/* End PBXResourcesBuildPhase section */

/* Begin PBXSourcesBuildPhase section */
		B650BF3E1910BFF4004030F6 /* Sources */ = {
			isa = PBXSourcesBuildPhase;
			buildActionMask = 2147483647;
			files = (
				B60A13231911A31A00AA4DC9 /* AboutViewController.m in Sources */,
				B60A131D19118A2600AA4DC9 /* CoursesPreferencesViewController.m in Sources */,
				B60A1318191188DA00AA4DC9 /* GeneralPreferencesViewController.m in Sources */,
				B60A133B1911CBCA00AA4DC9 /* AddCourseWindowController.m in Sources */,
				B650BF861910C04D004030F6 /* AppDelegate.m in Sources */,
				B60A130919117B7600AA4DC9 /* PreferencesWindowController.m in Sources */,
				B650BF521910BFF4004030F6 /* main.m in Sources */,
			);
			runOnlyForDeploymentPostprocessing = 0;
		};
		B650BF5F1910BFF4004030F6 /* Sources */ = {
			isa = PBXSourcesBuildPhase;
			buildActionMask = 2147483647;
			files = (
				B650BF701910BFF4004030F6 /* uwaterloo_assistantTests.m in Sources */,
			);
			runOnlyForDeploymentPostprocessing = 0;
		};
/* End PBXSourcesBuildPhase section */

/* Begin PBXTargetDependency section */
		B650BF681910BFF4004030F6 /* PBXTargetDependency */ = {
			isa = PBXTargetDependency;
			target = B650BF411910BFF4004030F6 /* uWaterloo Assistant */;
			targetProxy = B650BF671910BFF4004030F6 /* PBXContainerItemProxy */;
		};
/* End PBXTargetDependency section */

/* Begin PBXVariantGroup section */
		B650BF4E1910BFF4004030F6 /* InfoPlist.strings */ = {
			isa = PBXVariantGroup;
			children = (
				B650BF4F1910BFF4004030F6 /* en */,
			);
			name = InfoPlist.strings;
			sourceTree = "<group>";
		};
		B650BF541910BFF4004030F6 /* Credits.rtf */ = {
			isa = PBXVariantGroup;
			children = (
				B650BF551910BFF4004030F6 /* en */,
			);
			name = Credits.rtf;
			sourceTree = "<group>";
		};
		B650BF5A1910BFF4004030F6 /* MainMenu.xib */ = {
			isa = PBXVariantGroup;
			children = (
				B650BF5B1910BFF4004030F6 /* Base */,
			);
			name = MainMenu.xib;
			sourceTree = "<group>";
		};
		B650BF6C1910BFF4004030F6 /* InfoPlist.strings */ = {
			isa = PBXVariantGroup;
			children = (
				B650BF6D1910BFF4004030F6 /* en */,
			);
			name = InfoPlist.strings;
			sourceTree = "<group>";
		};
/* End PBXVariantGroup section */

/* Begin XCBuildConfiguration section */
		B650BF711910BFF4004030F6 /* Debug */ = {
			isa = XCBuildConfiguration;
			buildSettings = {
				ALWAYS_SEARCH_USER_PATHS = NO;
				CLANG_CXX_LANGUAGE_STANDARD = "gnu++0x";
				CLANG_CXX_LIBRARY = "libc++";
				CLANG_ENABLE_MODULES = YES;
				CLANG_ENABLE_OBJC_ARC = YES;
				CLANG_WARN_BOOL_CONVERSION = YES;
				CLANG_WARN_CONSTANT_CONVERSION = YES;
				CLANG_WARN_DIRECT_OBJC_ISA_USAGE = YES_ERROR;
				CLANG_WARN_EMPTY_BODY = YES;
				CLANG_WARN_ENUM_CONVERSION = YES;
				CLANG_WARN_INT_CONVERSION = YES;
				CLANG_WARN_OBJC_ROOT_CLASS = YES_ERROR;
				CLANG_WARN__DUPLICATE_METHOD_MATCH = YES;
				COPY_PHASE_STRIP = NO;
				GCC_C_LANGUAGE_STANDARD = gnu99;
				GCC_DYNAMIC_NO_PIC = NO;
				GCC_ENABLE_OBJC_EXCEPTIONS = YES;
				GCC_OPTIMIZATION_LEVEL = 0;
				GCC_PREPROCESSOR_DEFINITIONS = (
					"DEBUG=1",
					"$(inherited)",
				);
				GCC_SYMBOLS_PRIVATE_EXTERN = NO;
				GCC_WARN_64_TO_32_BIT_CONVERSION = YES;
				GCC_WARN_ABOUT_RETURN_TYPE = YES_ERROR;
				GCC_WARN_UNDECLARED_SELECTOR = YES;
				GCC_WARN_UNINITIALIZED_AUTOS = YES_AGGRESSIVE;
				GCC_WARN_UNUSED_FUNCTION = YES;
				GCC_WARN_UNUSED_VARIABLE = YES;
				MACOSX_DEPLOYMENT_TARGET = 10.9;
				ONLY_ACTIVE_ARCH = YES;
				SDKROOT = macosx;
			};
			name = Debug;
		};
		B650BF721910BFF4004030F6 /* Release */ = {
			isa = XCBuildConfiguration;
			buildSettings = {
				ALWAYS_SEARCH_USER_PATHS = NO;
				CLANG_CXX_LANGUAGE_STANDARD = "gnu++0x";
				CLANG_CXX_LIBRARY = "libc++";
				CLANG_ENABLE_MODULES = YES;
				CLANG_ENABLE_OBJC_ARC = YES;
				CLANG_WARN_BOOL_CONVERSION = YES;
				CLANG_WARN_CONSTANT_CONVERSION = YES;
				CLANG_WARN_DIRECT_OBJC_ISA_USAGE = YES_ERROR;
				CLANG_WARN_EMPTY_BODY = YES;
				CLANG_WARN_ENUM_CONVERSION = YES;
				CLANG_WARN_INT_CONVERSION = YES;
				CLANG_WARN_OBJC_ROOT_CLASS = YES_ERROR;
				CLANG_WARN__DUPLICATE_METHOD_MATCH = YES;
				COPY_PHASE_STRIP = YES;
				DEBUG_INFORMATION_FORMAT = "dwarf-with-dsym";
				ENABLE_NS_ASSERTIONS = NO;
				GCC_C_LANGUAGE_STANDARD = gnu99;
				GCC_ENABLE_OBJC_EXCEPTIONS = YES;
				GCC_WARN_64_TO_32_BIT_CONVERSION = YES;
				GCC_WARN_ABOUT_RETURN_TYPE = YES_ERROR;
				GCC_WARN_UNDECLARED_SELECTOR = YES;
				GCC_WARN_UNINITIALIZED_AUTOS = YES_AGGRESSIVE;
				GCC_WARN_UNUSED_FUNCTION = YES;
				GCC_WARN_UNUSED_VARIABLE = YES;
				MACOSX_DEPLOYMENT_TARGET = 10.9;
				SDKROOT = macosx;
			};
			name = Release;
		};
		B650BF741910BFF4004030F6 /* Debug */ = {
			isa = XCBuildConfiguration;
			buildSettings = {
				ASSETCATALOG_COMPILER_APPICON_NAME = AppIcon;
				COMBINE_HIDPI_IMAGES = YES;
				GCC_PRECOMPILE_PREFIX_HEADER = YES;
				GCC_PREFIX_HEADER = "uwaterloo-assistant/uWaterloo Assistant-Prefix.pch";
				INFOPLIST_FILE = "uwaterloo-assistant/uWaterloo Assistant-Info.plist";
				PRODUCT_NAME = "uWaterloo Assistant";
				WRAPPER_EXTENSION = app;
			};
			name = Debug;
		};
		B650BF751910BFF4004030F6 /* Release */ = {
			isa = XCBuildConfiguration;
			buildSettings = {
				ASSETCATALOG_COMPILER_APPICON_NAME = AppIcon;
				COMBINE_HIDPI_IMAGES = YES;
				GCC_PRECOMPILE_PREFIX_HEADER = YES;
				GCC_PREFIX_HEADER = "uwaterloo-assistant/uWaterloo Assistant-Prefix.pch";
				INFOPLIST_FILE = "uwaterloo-assistant/uWaterloo Assistant-Info.plist";
				PRODUCT_NAME = "uWaterloo Assistant";
				WRAPPER_EXTENSION = app;
			};
			name = Release;
		};
		B650BF771910BFF4004030F6 /* Debug */ = {
			isa = XCBuildConfiguration;
			buildSettings = {
				BUNDLE_LOADER = "$(BUILT_PRODUCTS_DIR)/uwaterloo-assistant.app/Contents/MacOS/uwaterloo-assistant";
				COMBINE_HIDPI_IMAGES = YES;
				FRAMEWORK_SEARCH_PATHS = (
					"$(DEVELOPER_FRAMEWORKS_DIR)",
					"$(inherited)",
				);
				GCC_PRECOMPILE_PREFIX_HEADER = YES;
				GCC_PREFIX_HEADER = "uwaterloo-assistant/uwaterloo-assistant-Prefix.pch";
				GCC_PREPROCESSOR_DEFINITIONS = (
					"DEBUG=1",
					"$(inherited)",
				);
				INFOPLIST_FILE = "uwaterloo-assistantTests/uWaterloo AssistantTests-Info.plist";
				PRODUCT_NAME = "uWaterloo AssistantTests";
				TEST_HOST = "$(BUNDLE_LOADER)";
				WRAPPER_EXTENSION = xctest;
			};
			name = Debug;
		};
		B650BF781910BFF4004030F6 /* Release */ = {
			isa = XCBuildConfiguration;
			buildSettings = {
				BUNDLE_LOADER = "$(BUILT_PRODUCTS_DIR)/uwaterloo-assistant.app/Contents/MacOS/uwaterloo-assistant";
				COMBINE_HIDPI_IMAGES = YES;
				FRAMEWORK_SEARCH_PATHS = (
					"$(DEVELOPER_FRAMEWORKS_DIR)",
					"$(inherited)",
				);
				GCC_PRECOMPILE_PREFIX_HEADER = YES;
				GCC_PREFIX_HEADER = "uwaterloo-assistant/uwaterloo-assistant-Prefix.pch";
				INFOPLIST_FILE = "uwaterloo-assistantTests/uWaterloo AssistantTests-Info.plist";
				PRODUCT_NAME = "uWaterloo AssistantTests";
				TEST_HOST = "$(BUNDLE_LOADER)";
				WRAPPER_EXTENSION = xctest;
			};
			name = Release;
		};
/* End XCBuildConfiguration section */

/* Begin XCConfigurationList section */
		B650BF3D1910BFF4004030F6 /* Build configuration list for PBXProject "uWaterloo Assistant" */ = {
			isa = XCConfigurationList;
			buildConfigurations = (
				B650BF711910BFF4004030F6 /* Debug */,
				B650BF721910BFF4004030F6 /* Release */,
			);
			defaultConfigurationIsVisible = 0;
			defaultConfigurationName = Release;
		};
		B650BF731910BFF4004030F6 /* Build configuration list for PBXNativeTarget "uWaterloo Assistant" */ = {
			isa = XCConfigurationList;
			buildConfigurations = (
				B650BF741910BFF4004030F6 /* Debug */,
				B650BF751910BFF4004030F6 /* Release */,
			);
			defaultConfigurationIsVisible = 0;
			defaultConfigurationName = Release;
		};
		B650BF761910BFF4004030F6 /* Build configuration list for PBXNativeTarget "uWaterloo AssistantTests" */ = {
			isa = XCConfigurationList;
			buildConfigurations = (
				B650BF771910BFF4004030F6 /* Debug */,
				B650BF781910BFF4004030F6 /* Release */,
			);
			defaultConfigurationIsVisible = 0;
			defaultConfigurationName = Release;
		};
/* End XCConfigurationList section */
	};
	rootObject = B650BF3A1910BFF4004030F6 /* Project object */;
}
